<?xml version="1.0" encoding="utf-8"?>
<Project ToolsVersion="4.0" xmlns="http://schemas.microsoft.com/developer/msbuild/2003">
  <ItemGroup>
    <Filter Include="Source Files">
      <UniqueIdentifier>{4FC737F1-C7A5-4376-A066-2A32D752A2FF}</UniqueIdentifier>
      <Extensions>cpp;c;cc;cxx;c++;cppm;ixx;def;odl;idl;hpj;bat;asm;asmx</Extensions>
    </Filter>
    <Filter Include="Header Files">
      <UniqueIdentifier>{93995380-89BD-4b04-88EB-625FBE52EBFB}</UniqueIdentifier>
      <Extensions>h;hh;hpp;hxx;h++;hm;inl;inc;ipp;xsd</Extensions>
    </Filter>
    <Filter Include="Resource Files">
      <UniqueIdentifier>{67DA6AB6-F800-4c08-8B7A-83BB121AAD01}</UniqueIdentifier>
      <Extensions>rc;ico;cur;bmp;dlg;rc2;rct;bin;rgs;gif;jpg;jpeg;jpe;resx;tiff;tif;png;wav;mfcribbon-ms</Extensions>
    </Filter>
    <Filter Include="SVG">
      <UniqueIdentifier>{c1f8dbf1-4f00-426f-8185-a05941071c9f}</UniqueIdentifier>
    </Filter>
  </ItemGroup>
  <ItemGroup>
    <ClInclude Include="framework.h">
      <Filter>Header Files</Filter>
    </ClInclude>
    <ClInclude Include="targetver.h">
      <Filter>Header Files</Filter>
    </ClInclude>
    <ClInclude Include="Resource.h">
      <Filter>Header Files</Filter>
    </ClInclude>
    <ClInclude Include="mic_muter.h">
      <Filter>Header Files</Filter>
    </ClInclude>
    <ClInclude Include="audio_controller.h">
      <Filter>Header Files</Filter>
    </ClInclude>
    <ClInclude Include="notification_icon.h">
      <Filter>Header Files</Filter>
    </ClInclude>
    <ClInclude Include="settings.h">
      <Filter>Header Files</Filter>
    </ClInclude>
    <ClInclude Include="options_dlg.h">
      <Filter>Header Files</Filter>
    </ClInclude>
    <ClInclude Include="image.h">
      <Filter>Header Files</Filter>
    </ClInclude>
  </ItemGroup>
  <ItemGroup>
    <ClCompile Include="mic_muter.cpp">
      <Filter>Source Files</Filter>
    </ClCompile>
    <ClCompile Include="audio_controller.cpp">
      <Filter>Source Files</Filter>
    </ClCompile>
    <ClCompile Include="notification_icon.cpp">
      <Filter>Source Files</Filter>
    </ClCompile>
    <ClCompile Include="pch.cpp">
      <Filter>Source Files</Filter>
    </ClCompile>
    <ClCompile Include="options_dlg.cpp">
      <Filter>Source Files</Filter>
    </ClCompile>
    <ClCompile Include="image.cpp">
      <Filter>Source Files</Filter>
    </ClCompile>
  </ItemGroup>
  <ItemGroup>
    <Image Include="small.ico">
      <Filter>Resource Files</Filter>
    </Image>
    <Image Include="images\microphone_mute.ico">
      <Filter>Resource Files</Filter>
    </Image>
    <Image Include="mic_muter.ico">
      <Filter>Resource Files</Filter>
    </Image>
    <Image Include="images\microphone_missing.ico">
      <Filter>Resource Files</Filter>
    </Image>
    <Image Include="images\microphone_normal.ico">
      <Filter>Resource Files</Filter>
    </Image>
  </ItemGroup>
  <ItemGroup>
    <ResourceCompile Include="mic_muter.rc">
      <Filter>Resource Files</Filter>
    </ResourceCompile>
  </ItemGroup>
  <ItemGroup>
    <CustomBuild Include="images\microphone_mute.svg">
      <Filter>SVG</Filter>
    </CustomBuild>
    <CustomBuild Include="images\microphone_normal.svg">
      <Filter>SVG</Filter>
    </CustomBuild>
    <CustomBuild Include="images\microphone_base.svg">
      <Filter>SVG</Filter>
    </CustomBuild>
  </ItemGroup>
</Project>