#MicroXplorer Configuration settings - do not modify
Mcu.Family=STM32F0
VP_SYS_VS_PINREMAP.Mode=PINREMAP
ProjectManager.MainLocation=Core/Src
RCC.I2SFreq_Value=48000000
USB_DEVICE.CLASS_NAME_FS=HID
RCC.USART1Freq_Value=48000000
ProjectManager.ProjectFileName=firmware2.ioc
PB8.GPIOParameters=GPIO_PuPd,GPIO_Label,GPIO_ModeDefaultEXTI
ProjectManager.KeepUserCode=true
Mcu.UserName=STM32F042F4Px
Mcu.PinsNb=13
TIM14.AutoReloadPreload=TIM_AUTORELOAD_PRELOAD_ENABLE
VP_TIM14_VS_ClockSourceINT.Signal=TIM14_VS_ClockSourceINT
NVIC.USB_IRQn=true\:0\:0\:false\:false\:true\:false\:true
ProjectManager.NoMain=false
USB_DEVICE.VirtualModeFS=Hid_FS
RCC.PLLCLKFreq_Value=16000000
ProjectManager.functionlistsort=1-MX_GPIO_Init-GPIO-false-LL-true,2-SystemClock_Config-RCC-false-LL-true,3-MX_USB_DEVICE_Init-USB_DEVICE-true-HAL-false,4-MX_TIM14_Init-TIM14-false-LL-true
PB8.GPIO_PuPd=GPIO_PULLUP
USB_DEVICE.PRODUCT_STRING_HID_FS=VOLUME_KNOB
PA11.Mode=Device
SH.GPXTI0.ConfNb=1
ProjectManager.DefaultFWLocation=true
NVIC.SVC_IRQn=true\:0\:0\:false\:false\:true\:false\:false
ProjectManager.DeletePrevious=true
VP_SYS_VS_PINREMAP.Signal=SYS_VS_PINREMAP
USB_DEVICE.IPParameters=VirtualMode,VirtualModeFS,CLASS_NAME_FS,PRODUCT_STRING_HID_FS
PinOutPanel.RotationAngle=-180
RCC.FamilyName=M
RCC.SYSCLKSource=RCC_SYSCLKSOURCE_HSI48
ProjectManager.StackSize=0x400
PA13.Signal=SYS_SWDIO
Mcu.IP4=USB
RCC.FCLKCortexFreq_Value=48000000
Mcu.IP5=USB_DEVICE
Mcu.IP2=SYS
PB8.GPIO_Label=ROTARYA
Mcu.IP3=TIM14
Mcu.IP0=NVIC
Mcu.IP1=RCC
PA12.Signal=USB_DP
PB8.GPIO_ModeDefaultEXTI=GPIO_MODE_IT_RISING_FALLING
Mcu.UserConstants=
ProjectManager.TargetToolchain=MDK-ARM V5.27
PF0-OSC_IN.GPIO_PuPd=GPIO_PULLUP
Mcu.ThirdPartyNb=0
RCC.HCLKFreq_Value=48000000
Mcu.IPNb=6
ProjectManager.PreviousToolchain=
Mcu.Pin6=PA12
Mcu.Pin7=PA13
ProjectManager.RegisterCallBack=
Mcu.Pin8=PA14
Mcu.Pin9=VP_SYS_VS_PINREMAP
PF1-OSC_OUT.GPIOParameters=GPIO_Label
RCC.AHBFreq_Value=48000000
Mcu.Pin0=PB8
Mcu.Pin1=PF0-OSC_IN
GPIO.groupedBy=Group By Peripherals
Mcu.Pin2=PF1-OSC_OUT
Mcu.Pin3=PA4
Mcu.Pin4=PA5
Mcu.Pin5=PA11
PA5.Signal=GPIO_Output
ProjectManager.ProjectBuild=false
PF0-OSC_IN.GPIO_Label=ROTARYB
PA4.GPIO_PuPd=GPIO_PULLUP
board=custom
TIM14.Period=4799
NVIC.SysTick_IRQn=true\:0\:0\:false\:false\:true\:false\:true
ProjectManager.LastFirmware=true
RCC.VCOOutput2Freq_Value=8000000
ProjectManager.FirmwarePackage=STM32Cube FW_F0 V1.11.3
MxDb.Version=DB.6.0.10
VP_USB_DEVICE_VS_USB_DEVICE_HID_FS.Signal=USB_DEVICE_VS_USB_DEVICE_HID_FS
VP_USB_DEVICE_VS_USB_DEVICE_HID_FS.Mode=HID_FS
ProjectManager.BackupPrevious=false
MxCube.Version=6.1.2
PA14.Mode=Serial_Wire
File.Version=6
PF1-OSC_OUT.GPIO_Label=USB_PULLUP
VP_SYS_VS_Systick.Mode=SysTick
PF0-OSC_IN.GPIO_ModeDefaultEXTI=GPIO_MODE_IT_RISING_FALLING
NVIC.NonMaskableInt_IRQn=true\:0\:0\:false\:false\:true\:false\:false
PA4.GPIOParameters=GPIO_PuPd,GPIO_Label
NVIC.PendSV_IRQn=true\:0\:0\:false\:false\:true\:false\:false
PA13.Mode=Serial_Wire
ProjectManager.FreePins=false
RCC.IPParameters=AHBFreq_Value,APB1Freq_Value,APB1TimFreq_Value,CECFreq_Value,FCLKCortexFreq_Value,FamilyName,HCLKFreq_Value,HSICECFreq_Value,I2SFreq_Value,PLLCLKFreq_Value,SYSCLKFreq_VALUE,SYSCLKSource,TimSysFreq_Value,USART1Freq_Value,VCOOutput2Freq_Value
ProjectManager.AskForMigrate=true
Mcu.Name=STM32F042F4Px
ProjectManager.HalAssertFull=false
ProjectManager.ProjectName=firmware2
ProjectManager.UnderRoot=false
RCC.HSICECFreq_Value=32786.88524590164
ProjectManager.CoupleFile=false
PA4.Signal=GPIO_Input
RCC.SYSCLKFreq_VALUE=48000000
Mcu.Package=TSSOP20
RCC.TimSysFreq_Value=48000000
PA12.Mode=Device
PA5.GPIO_Label=LED
NVIC.ForceEnableDMAVector=true
KeepUserPlacement=false
SH.GPXTI8.0=GPIO_EXTI8
ProjectManager.CompilerOptimize=6
ProjectManager.ToolChainLocation=
VP_SYS_VS_Systick.Signal=SYS_VS_Systick
PA11.Signal=USB_DM
SH.GPXTI0.0=GPIO_EXTI0
SH.GPXTI8.ConfNb=1
PA14.Signal=SYS_SWCLK
ProjectManager.HeapSize=0x200
NVIC.HardFault_IRQn=true\:0\:0\:false\:false\:true\:false\:false
PA5.GPIOParameters=GPIO_Label
ProjectManager.ComputerToolchain=false
Mcu.Pin11=VP_TIM14_VS_ClockSourceINT
Mcu.Pin12=VP_USB_DEVICE_VS_USB_DEVICE_HID_FS
Mcu.Pin10=VP_SYS_VS_Systick
RCC.CECFreq_Value=32786.88524590164
RCC.APB1TimFreq_Value=48000000
PB8.Signal=GPXTI8
VP_TIM14_VS_ClockSourceINT.Mode=Enable_Timer
PF0-OSC_IN.Signal=GPXTI0
TIM14.IPParameters=Period,AutoReloadPreload
PF0-OSC_IN.GPIOParameters=GPIO_PuPd,GPIO_Label,GPIO_ModeDefaultEXTI
RCC.APB1Freq_Value=48000000
USB_DEVICE.VirtualMode=Hid
PA4.GPIO_Label=BTN
ProjectManager.CustomerFirmwarePackage=
ProjectManager.DeviceId=STM32F042F4Px
PF1-OSC_OUT.Signal=GPIO_Output
ProjectManager.LibraryCopy=1
